<?xml version="1.0" encoding="utf-8"?>
<Project ToolsVersion="4.0" xmlns="http://schemas.microsoft.com/developer/msbuild/2003">
  <ItemGroup>
    <Filter Include="src">
      <UniqueIdentifier>{2DAB880B-99B4-887C-2230-9F7C8E38947C}</UniqueIdentifier>
    </Filter>
    <Filter Include="src\config">
      <UniqueIdentifier>{B2454354-9EFD-84A1-0705-5EFDF3DB1F92}</UniqueIdentifier>
    </Filter>
    <Filter Include="vendor">
      <UniqueIdentifier>{B3738122-9F15-ACF8-88D0-BF4C74113349}</UniqueIdentifier>
    </Filter>
  </ItemGroup>
  <ItemGroup>
    <ClInclude Include="src\config\config.h">
      <Filter>src\config</Filter>
    </ClInclude>
    <ClInclude Include="vendor\tgaimage.h">
      <Filter>vendor</Filter>
    </ClInclude>
    <ClInclude Include="src\math\matrix.h" />
  </ItemGroup>
  <ItemGroup>
    <ClCompile Include="src\main.cpp">
      <Filter>src</Filter>
    </ClCompile>
    <ClCompile Include="vendor\tgaimage.cpp">
      <Filter>vendor</Filter>
    </ClCompile>
    <ClCompile Include="src\math\matrix.cpp" />
  </ItemGroup>
</Project>